
Microsoft Visual Studio Solution File, Format Version 12.00
# Visual Studio Version 17
VisualStudioVersion = 17.0.31903.59
MinimumVisualStudioVersion = 10.0.40219.1
Project("{FAE04EC0-301F-11D3-BF4B-00C04F79EFBC}") = "LibEncryptedDriveScripts", "LibEncryptedDriveScripts\LibEncryptedDriveScripts.csproj", "{E6129D8F-97A7-414D-A507-4455F0D9D65F}"
EndProject
Project("{FAE04EC0-301F-11D3-BF4B-00C04F79EFBC}") = "edcli", "edcli\edcli.csproj", "{C8B45469-C1D5-4EED-BA75-BFFBB79283A9}"
EndProject
Project("{FAE04EC0-301F-11D3-BF4B-00C04F79EFBC}") = "LibEncryptedDriveScripts.Tests", "LibEncryptedDriveScripts.Tests\LibEncryptedDriveScripts.Tests.csproj", "{892D7C29-26DE-4687-8C1D-966D528B9A67}"
EndProject
Global
	GlobalSection(SolutionConfigurationPlatforms) = preSolution
		Debug|Any CPU = Debug|Any CPU
		Release|Any CPU = Release|Any CPU
	EndGlobalSection
	GlobalSection(SolutionProperties) = preSolution
		HideSolutionNode = FALSE
	EndGlobalSection
	GlobalSection(ProjectConfigurationPlatforms) = postSolution
		{E6129D8F-97A7-414D-A507-4455F0D9D65F}.Debug|Any CPU.ActiveCfg = Debug|Any CPU
		{E6129D8F-97A7-414D-A507-4455F0D9D65F}.Debug|Any CPU.Build.0 = Debug|Any CPU
		{E6129D8F-97A7-414D-A507-4455F0D9D65F}.Release|Any CPU.ActiveCfg = Release|Any CPU
		{E6129D8F-97A7-414D-A507-4455F0D9D65F}.Release|Any CPU.Build.0 = Release|Any CPU
		{C8B45469-C1D5-4EED-BA75-BFFBB79283A9}.Debug|Any CPU.ActiveCfg = Debug|Any CPU
		{C8B45469-C1D5-4EED-BA75-BFFBB79283A9}.Debug|Any CPU.Build.0 = Debug|Any CPU
		{C8B45469-C1D5-4EED-BA75-BFFBB79283A9}.Release|Any CPU.ActiveCfg = Release|Any CPU
		{C8B45469-C1D5-4EED-BA75-BFFBB79283A9}.Release|Any CPU.Build.0 = Release|Any CPU
		{892D7C29-26DE-4687-8C1D-966D528B9A67}.Debug|Any CPU.ActiveCfg = Debug|Any CPU
		{892D7C29-26DE-4687-8C1D-966D528B9A67}.Debug|Any CPU.Build.0 = Debug|Any CPU
		{892D7C29-26DE-4687-8C1D-966D528B9A67}.Release|Any CPU.ActiveCfg = Release|Any CPU
		{892D7C29-26DE-4687-8C1D-966D528B9A67}.Release|Any CPU.Build.0 = Release|Any CPU
	EndGlobalSection
EndGlobal
